
Microsoft Visual Studio Solution File, Format Version 12.00
# Visual Studio 2012
Project("{FAE04EC0-301F-11D3-BF4B-00C04F79EFBC}") = "OSSIM", "OSSIM\OSSIM.csproj", "{F962F22E-D434-421C-85CB-70F9073A724B}"
EndProject
Global
	GlobalSection(SolutionConfigurationPlatforms) = preSolution
		Debug|Any CPU = Debug|Any CPU
		Release|Any CPU = Release|Any CPU
	EndGlobalSection
	GlobalSection(ProjectConfigurationPlatforms) = postSolution
		{F962F22E-D434-421C-85CB-70F9073A724B}.Debug|Any CPU.ActiveCfg = Debug|Any CPU
		{F962F22E-D434-421C-85CB-70F9073A724B}.Debug|Any CPU.Build.0 = Debug|Any CPU
		{F962F22E-D434-421C-85CB-70F9073A724B}.Release|Any CPU.ActiveCfg = Release|Any CPU
		{F962F22E-D434-421C-85CB-70F9073A724B}.Release|Any CPU.Build.0 = Release|Any CPU
	EndGlobalSection
	GlobalSection(SolutionProperties) = preSolution
		HideSolutionNode = FALSE
	EndGlobalSection
EndGlobal
